
Microsoft Visual Studio Solution File, Format Version 12.00
# Visual Studio Version 16
VisualStudioVersion = 16.0.31624.102
MinimumVisualStudioVersion = 10.0.40219.1
Project("{9A19103F-16F7-4668-BE54-9A1E7A4F7556}") = "Z2", "Z2.csproj", "{66F38189-37F6-4D8F-82E0-0524C1D4FE47}"
EndProject
Project("{FAE04EC0-301F-11D3-BF4B-00C04F79EFBC}") = "Z2Tests", "..\Z2Tests\Z2Tests.csproj", "{5554DB63-B6FD-4B43-AF6E-FC6C63899246}"
EndProject
Global
	GlobalSection(SolutionConfigurationPlatforms) = preSolution
		Debug|Any CPU = Debug|Any CPU
		Release|Any CPU = Release|Any CPU
	EndGlobalSection
	GlobalSection(ProjectConfigurationPlatforms) = postSolution
		{66F38189-37F6-4D8F-82E0-0524C1D4FE47}.Debug|Any CPU.ActiveCfg = Debug|Any CPU
		{66F38189-37F6-4D8F-82E0-0524C1D4FE47}.Debug|Any CPU.Build.0 = Debug|Any CPU
		{66F38189-37F6-4D8F-82E0-0524C1D4FE47}.Release|Any CPU.ActiveCfg = Release|Any CPU
		{66F38189-37F6-4D8F-82E0-0524C1D4FE47}.Release|Any CPU.Build.0 = Release|Any CPU
		{5554DB63-B6FD-4B43-AF6E-FC6C63899246}.Debug|Any CPU.ActiveCfg = Debug|Any CPU
		{5554DB63-B6FD-4B43-AF6E-FC6C63899246}.Debug|Any CPU.Build.0 = Debug|Any CPU
		{5554DB63-B6FD-4B43-AF6E-FC6C63899246}.Release|Any CPU.ActiveCfg = Release|Any CPU
		{5554DB63-B6FD-4B43-AF6E-FC6C63899246}.Release|Any CPU.Build.0 = Release|Any CPU
	EndGlobalSection
	GlobalSection(SolutionProperties) = preSolution
		HideSolutionNode = FALSE
	EndGlobalSection
	GlobalSection(ExtensibilityGlobals) = postSolution
		SolutionGuid = {72F8DA57-0C7F-4265-BF16-456B20E590FF}
	EndGlobalSection
EndGlobal
